{
  "nodes": {
    "nixpkgs": {
      "locked": {
        "lastModified": 1787736819,
        "narHash": "sha256-cV5xEJJK3BvhU8rEd4mC9UsmDi5qscv/kzGPhBRC5WA=",
        "owner": "NixOS",
        "repo": "nixpkgs",
        "rev": "9fbb54b33e91ee4ca368e35a78e0613c720600b3",
        "type": "github"
      },
      "original": {
        "owner": "NixOS",
        "ref": "nixos-unstable",
        "repo": "nixpkgs",
        "type": "github"
      }
    },
    "noctalia": {
      "flake": false,
      "locked": {
        "lastModified": 1787881844,
        "narHash": "sha256-avuZCqgBG2BPHMeJW0ub4HGQu1W1AQUJ4Y58vB7wOLU=",
        "owner": "noctalia-dev",
        "repo": "noctalia",
        "rev": "5f90d2efd52d458075084a7ac301368757a07de5",
        "type": "github"
      },
      "original": {
        "owner": "noctalia-dev",
        "repo": "noctalia",
        "type": "github"
      }
    },
    "root": {
      "inputs": {
        "nixpkgs": "nixpkgs",
        "noctalia": "noctalia",
        "umbriel": "umbriel",
        "xdg-desktop-portal-umbriel": "xdg-desktop-portal-umbriel"
      }
    },
    "umbriel": {
      "flake": false,
      "locked": {
        "lastModified": 1787915333,
        "narHash": "sha256-E0HHrjI8mutnfANeVVARy/5xOGJR8qOKLyYsYuJ08EA=",
        "ref": "refs/heads/main",
        "rev": "9294337c76fd08d7d990f4f25e26966d2e354c3d",
        "revCount": 628,
        "submodules": true,
        "type": "git",
        "url": "https://github.com/noctalia-dev/umbriel.git"
      },
      "original": {
        "submodules": true,
        "type": "git",
        "url": "https://github.com/noctalia-dev/umbriel.git"
      }
    },
    "xdg-desktop-portal-umbriel": {
      "flake": false,
      "locked": {
        "lastModified": 1787856051,
        "narHash": "sha256-+NwioGIiTws3zavU2Bo3v8fhcCcub1MNXjrS27IIUK8=",
        "owner": "noctalia-dev",
        "repo": "xdg-desktop-portal-umbriel",
        "rev": "ebcf96d2c9f184aea332db4354583c89155e5e9a",
        "type": "github"
      },
      "original": {
        "owner": "noctalia-dev",
        "repo": "xdg-desktop-portal-umbriel",
        "type": "github"
      }
    }
  },
  "root": "root",
  "version": 7
}
