{
  "nodes": {
    "nixpkgs": {
      "locked": {
        "lastModified": 1788179007,
        "narHash": "sha256-hn1oU2rue2SYK8dAr8+WNZWtbsz1S2W5mnHlSEuh3bo=",
        "owner": "NixOS",
        "repo": "nixpkgs",
        "rev": "34ab99075ac4f7e40cf037eef32cb1c360bb85e9",
        "type": "github"
      },
      "original": {
        "owner": "NixOS",
        "ref": "nixos-unstable",
        "repo": "nixpkgs",
        "type": "github"
      }
    },
    "noctalia": {
      "flake": false,
      "locked": {
        "lastModified": 1788363104,
        "narHash": "sha256-ncso+QWDNtn5iB1ChObmJs4wbW7k4eyNmrA8LVHBZ5A=",
        "owner": "noctalia-dev",
        "repo": "noctalia",
        "rev": "bc75f722fba9c7650870df1ebddf54bbbff519d9",
        "type": "github"
      },
      "original": {
        "owner": "noctalia-dev",
        "repo": "noctalia",
        "type": "github"
      }
    },
    "root": {
      "inputs": {
        "nixpkgs": "nixpkgs",
        "noctalia": "noctalia",
        "umbriel": "umbriel",
        "xdg-desktop-portal-umbriel": "xdg-desktop-portal-umbriel"
      }
    },
    "umbriel": {
      "flake": false,
      "locked": {
        "lastModified": 1788359395,
        "narHash": "sha256-krx93jUU5Hm3pkr4Q36L81v8FtWhg/sUFIKF1rTxyUY=",
        "owner": "noctalia-dev",
        "repo": "umbriel",
        "rev": "63d5237c8cd0e1f4ef5d1723122b65514fc56fa3",
        "type": "github"
      },
      "original": {
        "owner": "noctalia-dev",
        "repo": "umbriel",
        "type": "github"
      }
    },
    "xdg-desktop-portal-umbriel": {
      "flake": false,
      "locked": {
        "lastModified": 1788191975,
        "narHash": "sha256-1mKBFkIO9RA3ERsLo1QZhyvS6bFSjG1lBpegQnPbIUY=",
        "owner": "noctalia-dev",
        "repo": "xdg-desktop-portal-umbriel",
        "rev": "d996f0c2bd4e8c868c0a143f0c9ce060f3c47ed5",
        "type": "github"
      },
      "original": {
        "owner": "noctalia-dev",
        "repo": "xdg-desktop-portal-umbriel",
        "type": "github"
      }
    }
  },
  "root": "root",
  "version": 7
}
