{
  "nodes": {
    "nixpkgs": {
      "locked": {
        "lastModified": 1790578696,
        "narHash": "sha256-ZoxIApko70jCdbH3l20HWXOBaT2HZd87orzd2yJ9dVE=",
        "owner": "NixOS",
        "repo": "nixpkgs",
        "rev": "7a0f122f5090cf4c2ade2a13a0e229d4e19ba71f",
        "type": "github"
      },
      "original": {
        "owner": "NixOS",
        "ref": "nixos-unstable",
        "repo": "nixpkgs",
        "type": "github"
      }
    },
    "noctalia": {
      "flake": false,
      "locked": {
        "lastModified": 1790607584,
        "narHash": "sha256-6Zx8LJKOedxhA98I3VUXrHheiDVY0jikHN8pKxU8h3U=",
        "owner": "noctalia-dev",
        "repo": "noctalia",
        "rev": "d07fdd380e6e25dc6c9d8c20ac2df8223a35241a",
        "type": "github"
      },
      "original": {
        "owner": "noctalia-dev",
        "repo": "noctalia",
        "type": "github"
      }
    },
    "root": {
      "inputs": {
        "nixpkgs": "nixpkgs",
        "noctalia": "noctalia",
        "umbriel": "umbriel",
        "xdg-desktop-portal-umbriel": "xdg-desktop-portal-umbriel"
      }
    },
    "umbriel": {
      "flake": false,
      "locked": {
        "lastModified": 1790604161,
        "narHash": "sha256-j6kqk6ZK4y8KiUizta/t6DTQ+kyW8WeZHjIdHd+3PP8=",
        "owner": "noctalia-dev",
        "repo": "umbriel",
        "rev": "efb73be0c389e392f7ca89e7fc36f0644b7c9633",
        "type": "github"
      },
      "original": {
        "owner": "noctalia-dev",
        "repo": "umbriel",
        "type": "github"
      }
    },
    "xdg-desktop-portal-umbriel": {
      "flake": false,
      "locked": {
        "lastModified": 1790459405,
        "narHash": "sha256-xDnu9icpormkETOo8Vn2Qr7Jkrz9ZqRf/jOhqADeeyg=",
        "owner": "noctalia-dev",
        "repo": "xdg-desktop-portal-umbriel",
        "rev": "d6bd72cabd83e3084fb2f2e24898d8ffa4a8c24f",
        "type": "github"
      },
      "original": {
        "owner": "noctalia-dev",
        "repo": "xdg-desktop-portal-umbriel",
        "type": "github"
      }
    }
  },
  "root": "root",
  "version": 7
}
